// !$*UTF8*$!
{
	archiveVersion = 1;
	classes = {
	};
	objectVersion = 77;
	objects = {

/* Begin PBXFileReference section */
		13B6C7892E3ABCAE002062A5 /* TaxTracker.app */ = {isa = PBXFileReference; explicitFileType = wrapper.application; includeInIndex = 0; path = TaxTracker.app; sourceTree = BUILT_PRODUCTS_DIR; };
/* End PBXFileReference section */

/* Begin PBXFileSystemSynchronizedRootGroup section */
		13B6C73B2E3ABBAC002062A5 /* TaxTracker */ = {
			isa = PBXFileSystemSynchronizedRootGroup;
			path = TaxTracker;
			sourceTree = "<group>";
		};
		13B6C77B2E3ABC9B002062A5 /* Project */ = {
			isa = PBXFileSystemSynchronizedRootGroup;
			path = Project;
			sourceTree = "<group>";
		};
/* End PBXFileSystemSynchronizedRootGroup section */

/* Begin PBXFrameworksBuildPhase section */
		13B6C7362E3ABBAC002062A5 /* Frameworks */ = {
			isa = PBXFrameworksBuildPhase;
			buildActionMask = 2147483647;
			files = (
			);
			runOnlyForDeploymentPostprocessing = 0;
		};
/* End PBXFrameworksBuildPhase section */

/* Begin PBXGroup section */
		13B6C7302E3ABBAC002062A5 = {
			isa = PBXGroup;
			children = (
				13B6C77B2E3ABC9B002062A5 /* Project */,
				13B6C73B2E3ABBAC002062A5 /* TaxTracker */,
				13B6C78A2E3ABCFF002062A5 /* Products */,
			);
			sourceTree = "<group>";
		};
		13B6C78A2E3ABCFF002062A5 /* Products */ = {
			isa = PBXGroup;
			children = (
				13B6C7892E3ABCAE002062A5 /* TaxTracker.app */,
			);
			path = Products;
			sourceTree = "<group>";
		};
/* End PBXGroup section */

/* Begin PBXNativeTarget section */
		13B6C7382E3ABBAC002062A5 /* TaxTracker */ = {
			isa = PBXNativeTarget;
			buildConfigurationList = 13B6C7442E3ABBAD002062A5 /* Build configuration list for PBXNativeTarget "TaxTracker" */;
			buildPhases = (
				13B6C7352E3ABBAC002062A5 /* Sources */,
				13B6C7362E3ABBAC002062A5 /* Frameworks */,
				13B6C7372E3ABBAC002062A5 /* Resources */,
			);
			buildRules = (
			);
			dependencies = (
			);
			fileSystemSynchronizedGroups = (
				13B6C73B2E3ABBAC002062A5 /* TaxTracker */,
				13B6C77B2E3ABC9B002062A5 /* Project */,
			);
			name = TaxTracker;
			packageProductDependencies = (
			);
			productName = TaxTracker;
			productReference = 13B6C7892E3ABCAE002062A5 /* TaxTracker.app */;
			productType = "com.apple.product-type.application";
		};
/* End PBXNativeTarget section */

/* Begin PBXProject section */
		13B6C7312E3ABBAC002062A5 /* Project object */ = {
			isa = PBXProject;
			attributes = {
				BuildIndependentTargetsInParallel = 1;
				LastSwiftUpdateCheck = 2600;
				LastUpgradeCheck = 2600;
				TargetAttributes = {
					13B6C7382E3ABBAC002062A5 = {
						CreatedOnToolsVersion = 26.0;
					};
				};
			};
			buildConfigurationList = 13B6C7342E3ABBAC002062A5 /* Build configuration list for PBXProject "TaxTracker" */;
			developmentRegion = en;
			hasScannedForEncodings = 0;
			knownRegions = (
				en,
				Base,
			);
			mainGroup = 13B6C7302E3ABBAC002062A5;
			minimizedProjectReferenceProxies = 1;
			preferredProjectObjectVersion = 77;
			productRefGroup = 13B6C7302E3ABBAC002062A5;
			projectDirPath = "";
			projectRoot = "";
			targets = (
				13B6C7382E3ABBAC002062A5 /* TaxTracker */,
			);
		};
/* End PBXProject section */

/* Begin PBXResourcesBuildPhase section */
		13B6C7372E3ABBAC002062A5 /* Resources */ = {
			isa = PBXResourcesBuildPhase;
			buildActionMask = 2147483647;
			files = (
			);
			runOnlyForDeploymentPostprocessing = 0;
		};
/* End PBXResourcesBuildPhase section */

/* Begin PBXSourcesBuildPhase section */
		13B6C7352E3ABBAC002062A5 /* Sources */ = {
			isa = PBXSourcesBuildPhase;
			buildActionMask = 2147483647;
			files = (
			);
			runOnlyForDeploymentPostprocessing = 0;
		};
/* End PBXSourcesBuildPhase section */

/* Begin XCBuildConfiguration section */
		13B6C7422E3ABBAD002062A5 /* Debug */ = {
			isa = XCBuildConfiguration;
			baseConfigurationReferenceAnchor = 13B6C77B2E3ABC9B002062A5 /* Project */;
			baseConfigurationReferenceRelativePath = BuildConfig/Debug.xcconfig;
			buildSettings = {
			};
			name = Debug;
		};
		13B6C7432E3ABBAD002062A5 /* Release */ = {
			isa = XCBuildConfiguration;
			baseConfigurationReferenceAnchor = 13B6C77B2E3ABC9B002062A5 /* Project */;
			baseConfigurationReferenceRelativePath = BuildConfig/Release.xcconfig;
			buildSettings = {
			};
			name = Release;
		};
		13B6C7452E3ABBAD002062A5 /* Debug */ = {
			isa = XCBuildConfiguration;
			baseConfigurationReferenceAnchor = 13B6C77B2E3ABC9B002062A5 /* Project */;
			baseConfigurationReferenceRelativePath = BuildConfig/TaxTracker.xcconfig;
			buildSettings = {
			};
			name = Debug;
		};
		13B6C7462E3ABBAD002062A5 /* Release */ = {
			isa = XCBuildConfiguration;
			baseConfigurationReferenceAnchor = 13B6C77B2E3ABC9B002062A5 /* Project */;
			baseConfigurationReferenceRelativePath = BuildConfig/TaxTracker.xcconfig;
			buildSettings = {
			};
			name = Release;
		};
/* End XCBuildConfiguration section */

/* Begin XCConfigurationList section */
		13B6C7342E3ABBAC002062A5 /* Build configuration list for PBXProject "TaxTracker" */ = {
			isa = XCConfigurationList;
			buildConfigurations = (
				13B6C7422E3ABBAD002062A5 /* Debug */,
				13B6C7432E3ABBAD002062A5 /* Release */,
			);
			defaultConfigurationIsVisible = 0;
			defaultConfigurationName = Release;
		};
		13B6C7442E3ABBAD002062A5 /* Build configuration list for PBXNativeTarget "TaxTracker" */ = {
			isa = XCConfigurationList;
			buildConfigurations = (
				13B6C7452E3ABBAD002062A5 /* Debug */,
				13B6C7462E3ABBAD002062A5 /* Release */,
			);
			defaultConfigurationIsVisible = 0;
			defaultConfigurationName = Release;
		};
/* End XCConfigurationList section */
	};
	rootObject = 13B6C7312E3ABBAC002062A5 /* Project object */;
}
